# This file is autogenerated, do not edit; changes may be undone by the next 'dep ensure'.


[[projects]]
  branch = "master"
  name = "github.com/inconshreveable/go-update"
  packages = [
    ".",
    "internal/binarydist",
    "internal/osext"
  ]
  revision = "8152e7eb6ccf8679a64582a66b78519688d156ad"

[solve-meta]
  analyzer-name = "dep"
  analyzer-version = 1
  inputs-digest = "9715869292e5e11a431e1127261465847a1020e6171dd9f4bafcb4916f169341"
  solver-name = "gps-cdcl"
  solver-version = 1
